
Microsoft Visual Studio Solution File, Format Version 12.00
# Visual Studio 15
VisualStudioVersion = 15.0.28307.902
MinimumVisualStudioVersion = 10.0.40219.1
Project("{8BC9CEB8-8B4A-11D0-8D11-00A0C91BC942}") = "BruteForceSHA1CUDA", "BruteForceSHA1CUDA.vcxproj", "{B598C258-2C18-450B-A486-8805BDC50FE7}"
EndProject
Global
	GlobalSection(SolutionConfigurationPlatforms) = preSolution
		Debug|x64 = Debug|x64
		Release|x64 = Release|x64
	EndGlobalSection
	GlobalSection(ProjectConfigurationPlatforms) = postSolution
		{B598C258-2C18-450B-A486-8805BDC50FE7}.Debug|x64.ActiveCfg = Debug|x64
		{B598C258-2C18-450B-A486-8805BDC50FE7}.Debug|x64.Build.0 = Debug|x64
		{B598C258-2C18-450B-A486-8805BDC50FE7}.Release|x64.ActiveCfg = Release|x64
		{B598C258-2C18-450B-A486-8805BDC50FE7}.Release|x64.Build.0 = Release|x64
	EndGlobalSection
	GlobalSection(SolutionProperties) = preSolution
		HideSolutionNode = FALSE
	EndGlobalSection
	GlobalSection(ExtensibilityGlobals) = postSolution
		SolutionGuid = {EF106D9D-A8DE-4148-92E5-D5410A1F5C1C}
	EndGlobalSection
EndGlobal
